<?xml version="1.0" encoding="utf-8"?>
<Project ToolsVersion="4.0" xmlns="http://schemas.microsoft.com/developer/msbuild/2003">
  <ItemGroup>
    <Filter Include="Source Files">
      <UniqueIdentifier>{4FC737F1-C7A5-4376-A066-2A32D752A2FF}</UniqueIdentifier>
      <Extensions>cpp;c;cc;cxx;def;odl;idl;hpj;bat;asm;asmx</Extensions>
    </Filter>
    <Filter Include="Header Files">
      <UniqueIdentifier>{93995380-89BD-4b04-88EB-625FBE52EBFB}</UniqueIdentifier>
      <Extensions>h;hpp;hxx;hm;inl;inc;xsd</Extensions>
    </Filter>
    <Filter Include="Resource Files">
      <UniqueIdentifier>{67DA6AB6-F800-4c08-8B7A-83BB121AAD01}</UniqueIdentifier>
      <Extensions>rc;ico;cur;bmp;dlg;rc2;rct;bin;rgs;gif;jpg;jpeg;jpe;resx;tiff;tif;png;wav</Extensions>
    </Filter>
    <Filter Include="Interfaces">
      <UniqueIdentifier>{66f7e80a-edcb-4e62-86a0-d977d44fcbca}</UniqueIdentifier>
      <Extensions>
      </Extensions>
    </Filter>
    <Filter Include="Matrix">
      <UniqueIdentifier>{bd1d6f51-269e-4918-a14b-d8f2cdd2c8f4}</UniqueIdentifier>
      <Extensions>Matrix\*.*</Extensions>
      <ParseFiles>false</ParseFiles>
      <SourceControlFiles>False</SourceControlFiles>
    </Filter>
    <Filter Include="Assembly">
      <UniqueIdentifier>{9f1382d9-d1c0-4763-9039-9ab680627e0c}</UniqueIdentifier>
      <Extensions>asm64;</Extensions>
      <ParseFiles>false</ParseFiles>
    </Filter>
  </ItemGroup>
  <ItemGroup>
    <ClCompile Include="HighResTimer.cpp">
      <Filter>Source Files</Filter>
    </ClCompile>
    <ClCompile Include="LookupTables.cpp">
      <Filter>Source Files</Filter>
    </ClCompile>
    <ClCompile Include="Matrix\Matrix2x2d.cpp">
      <Filter>Source Files</Filter>
    </ClCompile>
    <ClCompile Include="Matrix\Matrix2x2f.cpp">
      <Filter>Source Files</Filter>
    </ClCompile>
    <ClCompile Include="Matrix\Matrix3x3d.cpp">
      <Filter>Source Files</Filter>
    </ClCompile>
    <ClCompile Include="Matrix\Matrix3x3f.cpp">
      <Filter>Source Files</Filter>
    </ClCompile>
    <ClCompile Include="Matrix\Matrix4x4d.cpp">
      <Filter>Source Files</Filter>
    </ClCompile>
    <ClCompile Include="Matrix\Matrix4x4d_ViewSpace.cpp">
      <Filter>Source Files</Filter>
    </ClCompile>
    <ClCompile Include="Matrix\Matrix4x4f.cpp">
      <Filter>Source Files</Filter>
    </ClCompile>
    <ClCompile Include="Matrix\Matrix4x4f_ViewSpace.cpp">
      <Filter>Source Files</Filter>
    </ClCompile>
    <ClCompile Include="Geometry\Objects3D.cpp">
      <Filter>Source Files</Filter>
    </ClCompile>
    <ClCompile Include="Simulation\ReferenceSphere.cpp">
      <Filter>Source Files</Filter>
    </ClCompile>
    <ClCompile Include="Simulation\ReferenceSquare.cpp">
      <Filter>Source Files</Filter>
    </ClCompile>
    <ClCompile Include="Simulation\Simulation.Impl.cpp">
      <Filter>Source Files</Filter>
    </ClCompile>
    <ClCompile Include="stdafx.cpp">
      <Filter>Source Files</Filter>
    </ClCompile>
    <ClCompile Include="VirtualSpace\ViewFrustum.cpp">
      <Filter>Source Files</Filter>
    </ClCompile>
    <ClCompile Include="VirtualSpace\ViewSpace.cpp">
      <Filter>Source Files</Filter>
    </ClCompile>
    <ClCompile Include="Simulation\Water.cpp">
      <Filter>Source Files</Filter>
    </ClCompile>
    <ClCompile Include="Windowing\WindowIntermediary.cpp">
      <Filter>Source Files</Filter>
    </ClCompile>
    <ClCompile Include="ExeProcess\WinMain.cpp">
      <Filter>Source Files</Filter>
    </ClCompile>
    <ClCompile Include="Simulation\Simulation.IWindowEventHandler.cpp">
      <Filter>Source Files</Filter>
    </ClCompile>
    <ClCompile Include="Simulation\Submarine.cpp">
      <Filter>Source Files</Filter>
    </ClCompile>
    <ClCompile Include="Factory.cpp">
      <Filter>Source Files</Filter>
    </ClCompile>
    <ClCompile Include="GL\glprocs.c">
      <Filter>Source Files</Filter>
    </ClCompile>
    <ClCompile Include="Simulation\HonoluluScene.cpp">
      <Filter>Source Files</Filter>
    </ClCompile>
  </ItemGroup>
  <ItemGroup>
    <ClInclude Include="Geometry\Converters.h">
      <Filter>Header Files</Filter>
    </ClInclude>
    <ClInclude Include="GenericConstants.h">
      <Filter>Header Files</Filter>
    </ClInclude>
    <ClInclude Include="HighResTimer.h">
      <Filter>Header Files</Filter>
    </ClInclude>
    <ClInclude Include="VirtualSpace\ISceneObject.h">
      <Filter>Header Files</Filter>
    </ClInclude>
    <ClInclude Include="Windowing\IWindowEventHandler.h">
      <Filter>Header Files</Filter>
    </ClInclude>
    <ClInclude Include="Windowing\IWindowEventSource.h">
      <Filter>Header Files</Filter>
    </ClInclude>
    <ClInclude Include="Geometry\Line.h">
      <Filter>Header Files</Filter>
    </ClInclude>
    <ClInclude Include="LookupTables.h">
      <Filter>Header Files</Filter>
    </ClInclude>
    <ClInclude Include="Matrix\Matrix.h">
      <Filter>Header Files</Filter>
    </ClInclude>
    <ClInclude Include="Matrix\Matrix2x2d.h">
      <Filter>Header Files</Filter>
    </ClInclude>
    <ClInclude Include="Matrix\Matrix2x2f.h">
      <Filter>Header Files</Filter>
    </ClInclude>
    <ClInclude Include="Matrix\Matrix3x3d.h">
      <Filter>Header Files</Filter>
    </ClInclude>
    <ClInclude Include="Matrix\Matrix3x3f.h">
      <Filter>Header Files</Filter>
    </ClInclude>
    <ClInclude Include="Matrix\Matrix4x4d.h">
      <Filter>Header Files</Filter>
    </ClInclude>
    <ClInclude Include="Matrix\Matrix4x4f.h">
      <Filter>Header Files</Filter>
    </ClInclude>
    <ClInclude Include="Geometry\Objects2D.h">
      <Filter>Header Files</Filter>
    </ClInclude>
    <ClInclude Include="Geometry\Plane.h">
      <Filter>Header Files</Filter>
    </ClInclude>
    <ClInclude Include="Geometry\Point.h">
      <Filter>Header Files</Filter>
    </ClInclude>
    <ClInclude Include="Geometry\Primitives.h">
      <Filter>Header Files</Filter>
    </ClInclude>
    <ClInclude Include="QuadTree.h">
      <Filter>Header Files</Filter>
    </ClInclude>
    <ClInclude Include="Resource.h">
      <Filter>Header Files</Filter>
    </ClInclude>
    <ClInclude Include="Simulation\SceneObjects.h">
      <Filter>Header Files</Filter>
    </ClInclude>
    <ClInclude Include="Simulation\Simulation.h">
      <Filter>Header Files</Filter>
    </ClInclude>
    <ClInclude Include="stdafx.h">
      <Filter>Header Files</Filter>
    </ClInclude>
    <ClInclude Include="Geometry\Vector.h">
      <Filter>Header Files</Filter>
    </ClInclude>
    <ClInclude Include="VirtualSpace\ViewFrustum.h">
      <Filter>Header Files</Filter>
    </ClInclude>
    <ClInclude Include="VirtualSpace\ViewSpace.h">
      <Filter>Header Files</Filter>
    </ClInclude>
    <ClInclude Include="Wave\WaveModel.h">
      <Filter>Header Files</Filter>
    </ClInclude>
    <ClInclude Include="Windowing\WindowIntermediary.h">
      <Filter>Header Files</Filter>
    </ClInclude>
    <ClInclude Include="VirtualSpace\IViewFrustum.h">
      <Filter>Interfaces</Filter>
    </ClInclude>
    <ClInclude Include="VirtualSpace\IViewSpace.h">
      <Filter>Interfaces</Filter>
    </ClInclude>
    <ClInclude Include="Factory.h">
      <Filter>Header Files</Filter>
    </ClInclude>
    <ClInclude Include="gl\gl.h">
      <Filter>Header Files</Filter>
    </ClInclude>
    <ClInclude Include="GL\wglext.h">
      <Filter>Header Files</Filter>
    </ClInclude>
    <ClInclude Include="gl\glext.h">
      <Filter>Header Files</Filter>
    </ClInclude>
    <ClInclude Include="GL\glprocs.h">
      <Filter>Header Files</Filter>
    </ClInclude>
    <ClInclude Include="GL\glxext.h">
      <Filter>Header Files</Filter>
    </ClInclude>
  </ItemGroup>
  <ItemGroup>
    <ResourceCompile Include="WaveModel.rc">
      <Filter>Resource Files</Filter>
    </ResourceCompile>
  </ItemGroup>
  <ItemGroup>
    <CustomBuild Include="Matrix\Matrix4x4_Mul_Vector4x4.asm64">
      <Filter>Source Files</Filter>
    </CustomBuild>
  </ItemGroup>
</Project>